
Microsoft Visual Studio Solution File, Format Version 12.00
# Visual Studio 2012
Project("{FAE04EC0-301F-11D3-BF4B-00C04F79EFBC}") = "1.FriendsOfPesho(inNeed)", "1.FriendsOfPesho(inNeed)\1.FriendsOfPesho(inNeed).csproj", "{468A8AA2-D07B-4AC6-AE7E-52612AC85BE2}"
EndProject
Project("{FAE04EC0-301F-11D3-BF4B-00C04F79EFBC}") = "Salaries", "Salaries\Salaries.csproj", "{F2918710-1124-41D3-BA29-8D24C6EC1AF2}"
EndProject
Project("{FAE04EC0-301F-11D3-BF4B-00C04F79EFBC}") = "CableCompany", "CableCompany\CableCompany.csproj", "{10DAFB77-8888-4B64-83F4-E47E1935F527}"
EndProject
Global
	GlobalSection(SolutionConfigurationPlatforms) = preSolution
		Debug|Any CPU = Debug|Any CPU
		Release|Any CPU = Release|Any CPU
	EndGlobalSection
	GlobalSection(ProjectConfigurationPlatforms) = postSolution
		{468A8AA2-D07B-4AC6-AE7E-52612AC85BE2}.Debug|Any CPU.ActiveCfg = Debug|Any CPU
		{468A8AA2-D07B-4AC6-AE7E-52612AC85BE2}.Debug|Any CPU.Build.0 = Debug|Any CPU
		{468A8AA2-D07B-4AC6-AE7E-52612AC85BE2}.Release|Any CPU.ActiveCfg = Release|Any CPU
		{468A8AA2-D07B-4AC6-AE7E-52612AC85BE2}.Release|Any CPU.Build.0 = Release|Any CPU
		{F2918710-1124-41D3-BA29-8D24C6EC1AF2}.Debug|Any CPU.ActiveCfg = Debug|Any CPU
		{F2918710-1124-41D3-BA29-8D24C6EC1AF2}.Debug|Any CPU.Build.0 = Debug|Any CPU
		{F2918710-1124-41D3-BA29-8D24C6EC1AF2}.Release|Any CPU.ActiveCfg = Release|Any CPU
		{F2918710-1124-41D3-BA29-8D24C6EC1AF2}.Release|Any CPU.Build.0 = Release|Any CPU
		{10DAFB77-8888-4B64-83F4-E47E1935F527}.Debug|Any CPU.ActiveCfg = Debug|Any CPU
		{10DAFB77-8888-4B64-83F4-E47E1935F527}.Debug|Any CPU.Build.0 = Debug|Any CPU
		{10DAFB77-8888-4B64-83F4-E47E1935F527}.Release|Any CPU.ActiveCfg = Release|Any CPU
		{10DAFB77-8888-4B64-83F4-E47E1935F527}.Release|Any CPU.Build.0 = Release|Any CPU
	EndGlobalSection
	GlobalSection(SolutionProperties) = preSolution
		HideSolutionNode = FALSE
	EndGlobalSection
EndGlobal
