
Microsoft Visual Studio Solution File, Format Version 12.00
# Visual Studio 2012
Project("{FAE04EC0-301F-11D3-BF4B-00C04F79EFBC}") = "CheckIfInsideTriangle", "CheckIfInsideTriangle\CheckIfInsideTriangle.csproj", "{5DF87D2A-0053-440E-B64D-E912EBAD8AA2}"
EndProject
Project("{FAE04EC0-301F-11D3-BF4B-00C04F79EFBC}") = "CoundCoins", "CoundCoins\CoundCoins.csproj", "{287EF91B-14B5-4584-9728-C4A925EE5E66}"
EndProject
Global
	GlobalSection(SolutionConfigurationPlatforms) = preSolution
		Debug|Any CPU = Debug|Any CPU
		Release|Any CPU = Release|Any CPU
	EndGlobalSection
	GlobalSection(ProjectConfigurationPlatforms) = postSolution
		{5DF87D2A-0053-440E-B64D-E912EBAD8AA2}.Debug|Any CPU.ActiveCfg = Debug|Any CPU
		{5DF87D2A-0053-440E-B64D-E912EBAD8AA2}.Debug|Any CPU.Build.0 = Debug|Any CPU
		{5DF87D2A-0053-440E-B64D-E912EBAD8AA2}.Release|Any CPU.ActiveCfg = Release|Any CPU
		{5DF87D2A-0053-440E-B64D-E912EBAD8AA2}.Release|Any CPU.Build.0 = Release|Any CPU
		{287EF91B-14B5-4584-9728-C4A925EE5E66}.Debug|Any CPU.ActiveCfg = Debug|Any CPU
		{287EF91B-14B5-4584-9728-C4A925EE5E66}.Debug|Any CPU.Build.0 = Debug|Any CPU
		{287EF91B-14B5-4584-9728-C4A925EE5E66}.Release|Any CPU.ActiveCfg = Release|Any CPU
		{287EF91B-14B5-4584-9728-C4A925EE5E66}.Release|Any CPU.Build.0 = Release|Any CPU
	EndGlobalSection
	GlobalSection(SolutionProperties) = preSolution
		HideSolutionNode = FALSE
	EndGlobalSection
EndGlobal
